
Microsoft Visual Studio Solution File, Format Version 12.00
# Visual Studio Version 16
VisualStudioVersion = 16.0.28803.202
MinimumVisualStudioVersion = 10.0.40219.1
Project("{FAE04EC0-301F-11D3-BF4B-00C04F79EFBC}") = "String.Utility", "String.Utility\String.Utility.csproj", "{E8CFDC1A-71BD-44DC-AA79-C1F2DB2672A3}"
EndProject
Project("{FAE04EC0-301F-11D3-BF4B-00C04F79EFBC}") = "XUnitTestProject1", "XUnitTestProject1\XUnitTestProject1.csproj", "{DD308D7F-0ECF-4DA9-BAE8-AEFA6AE994DD}"
EndProject
Global
	GlobalSection(SolutionConfigurationPlatforms) = preSolution
		Debug|Any CPU = Debug|Any CPU
		Release|Any CPU = Release|Any CPU
	EndGlobalSection
	GlobalSection(ProjectConfigurationPlatforms) = postSolution
		{E8CFDC1A-71BD-44DC-AA79-C1F2DB2672A3}.Debug|Any CPU.ActiveCfg = Debug|Any CPU
		{E8CFDC1A-71BD-44DC-AA79-C1F2DB2672A3}.Debug|Any CPU.Build.0 = Debug|Any CPU
		{E8CFDC1A-71BD-44DC-AA79-C1F2DB2672A3}.Release|Any CPU.ActiveCfg = Release|Any CPU
		{E8CFDC1A-71BD-44DC-AA79-C1F2DB2672A3}.Release|Any CPU.Build.0 = Release|Any CPU
		{DD308D7F-0ECF-4DA9-BAE8-AEFA6AE994DD}.Debug|Any CPU.ActiveCfg = Debug|Any CPU
		{DD308D7F-0ECF-4DA9-BAE8-AEFA6AE994DD}.Debug|Any CPU.Build.0 = Debug|Any CPU
		{DD308D7F-0ECF-4DA9-BAE8-AEFA6AE994DD}.Release|Any CPU.ActiveCfg = Release|Any CPU
		{DD308D7F-0ECF-4DA9-BAE8-AEFA6AE994DD}.Release|Any CPU.Build.0 = Release|Any CPU
	EndGlobalSection
	GlobalSection(SolutionProperties) = preSolution
		HideSolutionNode = FALSE
	EndGlobalSection
	GlobalSection(ExtensibilityGlobals) = postSolution
		SolutionGuid = {CDE778CF-4E12-4991-BF10-B1F507E0FA57}
	EndGlobalSection
EndGlobal
